// !$*UTF8*$!
{
	archiveVersion = 1;
	classes = {
	};
	objectVersion = 50;
	objects = {

/* Begin PBXBuildFile section */
		2379F0B9248529F200B8092D /* Global.swift in Sources */ = {isa = PBXBuildFile; fileRef = 2379F0B8248529F200B8092D /* Global.swift */; };
		2379F0BB2485305300B8092D /* slider_minus.png in Resources */ = {isa = PBXBuildFile; fileRef = 2379F0BA2485305300B8092D /* slider_minus.png */; };
		2379F0BD2485361D00B8092D /* ModalInterfaceController.swift in Sources */ = {isa = PBXBuildFile; fileRef = 2379F0BC2485361D00B8092D /* ModalInterfaceController.swift */; };
		23CE4C3C2487A23100C616C8 /* FAQInterfaceController.swift in Sources */ = {isa = PBXBuildFile; fileRef = 23CE4C3B2487A23100C616C8 /* FAQInterfaceController.swift */; };
		23F0A638248291AB0071F58A /* Beep WatchKit App.app in Embed Watch Content */ = {isa = PBXBuildFile; fileRef = 23F0A637248291AB0071F58A /* Beep WatchKit App.app */; settings = {ATTRIBUTES = (RemoveHeadersOnCopy, ); }; };
		23F0A63E248291AB0071F58A /* Interface.storyboard in Resources */ = {isa = PBXBuildFile; fileRef = 23F0A63C248291AB0071F58A /* Interface.storyboard */; };
		23F0A640248291B10071F58A /* Assets.xcassets in Resources */ = {isa = PBXBuildFile; fileRef = 23F0A63F248291B10071F58A /* Assets.xcassets */; };
		23F0A647248291B10071F58A /* Beep WatchKit Extension.appex in Embed App Extensions */ = {isa = PBXBuildFile; fileRef = 23F0A646248291B10071F58A /* Beep WatchKit Extension.appex */; settings = {ATTRIBUTES = (RemoveHeadersOnCopy, ); }; };
		23F0A64C248291B10071F58A /* InterfaceController.swift in Sources */ = {isa = PBXBuildFile; fileRef = 23F0A64B248291B10071F58A /* InterfaceController.swift */; };
		23F0A64E248291B10071F58A /* ExtensionDelegate.swift in Sources */ = {isa = PBXBuildFile; fileRef = 23F0A64D248291B10071F58A /* ExtensionDelegate.swift */; };
		23F0A650248291B10071F58A /* NotificationController.swift in Sources */ = {isa = PBXBuildFile; fileRef = 23F0A64F248291B10071F58A /* NotificationController.swift */; };
		23F0A652248291B30071F58A /* Assets.xcassets in Resources */ = {isa = PBXBuildFile; fileRef = 23F0A651248291B30071F58A /* Assets.xcassets */; };
		23F0A6672482928B0071F58A /* home.png in Resources */ = {isa = PBXBuildFile; fileRef = 23F0A6652482928B0071F58A /* home.png */; };
		23F0A6682482928B0071F58A /* faq.png in Resources */ = {isa = PBXBuildFile; fileRef = 23F0A6662482928B0071F58A /* faq.png */; };
		23F0A66A2482C4330071F58A /* HomeInterfaceController.swift in Sources */ = {isa = PBXBuildFile; fileRef = 23F0A6692482C4330071F58A /* HomeInterfaceController.swift */; };
		23F0A66E2482CB4F0071F58A /* SettingInterfaceController.swift in Sources */ = {isa = PBXBuildFile; fileRef = 23F0A66D2482CB4F0071F58A /* SettingInterfaceController.swift */; };
		23F0A6702482CC810071F58A /* background.png in Resources */ = {isa = PBXBuildFile; fileRef = 23F0A66F2482CC810071F58A /* background.png */; };
		23F0A675248300680071F58A /* empty_circle_button.png in Resources */ = {isa = PBXBuildFile; fileRef = 23F0A673248300680071F58A /* empty_circle_button.png */; };
		23F0A676248300680071F58A /* color_circle_button.png in Resources */ = {isa = PBXBuildFile; fileRef = 23F0A674248300680071F58A /* color_circle_button.png */; };
		23F0A678248307380071F58A /* color_circle_view.png in Resources */ = {isa = PBXBuildFile; fileRef = 23F0A677248307370071F58A /* color_circle_view.png */; };
		23F8BBFF2485F27E0038D0FD /* time_set_circle.png in Resources */ = {isa = PBXBuildFile; fileRef = 23F8BBFE2485F27E0038D0FD /* time_set_circle.png */; };
		23F8BC122485F6E20038D0FD /* beeper13.mp3 in Resources */ = {isa = PBXBuildFile; fileRef = 23F8BC022485F6E00038D0FD /* beeper13.mp3 */; };
		23F8BC132485F6E20038D0FD /* beeper13.mp3 in Resources */ = {isa = PBXBuildFile; fileRef = 23F8BC022485F6E00038D0FD /* beeper13.mp3 */; };
		23F8BC142485F6E20038D0FD /* beeper13.mp3 in Resources */ = {isa = PBXBuildFile; fileRef = 23F8BC022485F6E00038D0FD /* beeper13.mp3 */; };
		23F8BC152485F6E20038D0FD /* beeper14.mp3 in Resources */ = {isa = PBXBuildFile; fileRef = 23F8BC032485F6E10038D0FD /* beeper14.mp3 */; };
		23F8BC162485F6E20038D0FD /* beeper14.mp3 in Resources */ = {isa = PBXBuildFile; fileRef = 23F8BC032485F6E10038D0FD /* beeper14.mp3 */; };
		23F8BC172485F6E20038D0FD /* beeper14.mp3 in Resources */ = {isa = PBXBuildFile; fileRef = 23F8BC032485F6E10038D0FD /* beeper14.mp3 */; };
		23F8BC182485F6E20038D0FD /* beeper8.mp3 in Resources */ = {isa = PBXBuildFile; fileRef = 23F8BC042485F6E10038D0FD /* beeper8.mp3 */; };
		23F8BC192485F6E20038D0FD /* beeper8.mp3 in Resources */ = {isa = PBXBuildFile; fileRef = 23F8BC042485F6E10038D0FD /* beeper8.mp3 */; };
		23F8BC1A2485F6E20038D0FD /* beeper8.mp3 in Resources */ = {isa = PBXBuildFile; fileRef = 23F8BC042485F6E10038D0FD /* beeper8.mp3 */; };
		23F8BC1B2485F6E20038D0FD /* beeper7.mp3 in Resources */ = {isa = PBXBuildFile; fileRef = 23F8BC052485F6E10038D0FD /* beeper7.mp3 */; };
		23F8BC1C2485F6E20038D0FD /* beeper7.mp3 in Resources */ = {isa = PBXBuildFile; fileRef = 23F8BC052485F6E10038D0FD /* beeper7.mp3 */; };
		23F8BC1D2485F6E20038D0FD /* beeper7.mp3 in Resources */ = {isa = PBXBuildFile; fileRef = 23F8BC052485F6E10038D0FD /* beeper7.mp3 */; };
		23F8BC1E2485F6E20038D0FD /* beeper6.mp3 in Resources */ = {isa = PBXBuildFile; fileRef = 23F8BC062485F6E10038D0FD /* beeper6.mp3 */; };
		23F8BC1F2485F6E20038D0FD /* beeper6.mp3 in Resources */ = {isa = PBXBuildFile; fileRef = 23F8BC062485F6E10038D0FD /* beeper6.mp3 */; };
		23F8BC202485F6E20038D0FD /* beeper6.mp3 in Resources */ = {isa = PBXBuildFile; fileRef = 23F8BC062485F6E10038D0FD /* beeper6.mp3 */; };
		23F8BC212485F6E20038D0FD /* end_audio.mp3 in Resources */ = {isa = PBXBuildFile; fileRef = 23F8BC072485F6E10038D0FD /* end_audio.mp3 */; };
		23F8BC222485F6E20038D0FD /* end_audio.mp3 in Resources */ = {isa = PBXBuildFile; fileRef = 23F8BC072485F6E10038D0FD /* end_audio.mp3 */; };
		23F8BC232485F6E20038D0FD /* end_audio.mp3 in Resources */ = {isa = PBXBuildFile; fileRef = 23F8BC072485F6E10038D0FD /* end_audio.mp3 */; };
		23F8BC242485F6E20038D0FD /* beeper3.mp3 in Resources */ = {isa = PBXBuildFile; fileRef = 23F8BC082485F6E10038D0FD /* beeper3.mp3 */; };
		23F8BC252485F6E20038D0FD /* beeper3.mp3 in Resources */ = {isa = PBXBuildFile; fileRef = 23F8BC082485F6E10038D0FD /* beeper3.mp3 */; };
		23F8BC262485F6E20038D0FD /* beeper3.mp3 in Resources */ = {isa = PBXBuildFile; fileRef = 23F8BC082485F6E10038D0FD /* beeper3.mp3 */; };
		23F8BC272485F6E20038D0FD /* beeper5.mp3 in Resources */ = {isa = PBXBuildFile; fileRef = 23F8BC092485F6E10038D0FD /* beeper5.mp3 */; };
		23F8BC282485F6E20038D0FD /* beeper5.mp3 in Resources */ = {isa = PBXBuildFile; fileRef = 23F8BC092485F6E10038D0FD /* beeper5.mp3 */; };
		23F8BC292485F6E20038D0FD /* beeper5.mp3 in Resources */ = {isa = PBXBuildFile; fileRef = 23F8BC092485F6E10038D0FD /* beeper5.mp3 */; };
		23F8BC2A2485F6E20038D0FD /* beeper4.mp3 in Resources */ = {isa = PBXBuildFile; fileRef = 23F8BC0A2485F6E10038D0FD /* beeper4.mp3 */; };
		23F8BC2B2485F6E20038D0FD /* beeper4.mp3 in Resources */ = {isa = PBXBuildFile; fileRef = 23F8BC0A2485F6E10038D0FD /* beeper4.mp3 */; };
		23F8BC2C2485F6E20038D0FD /* beeper4.mp3 in Resources */ = {isa = PBXBuildFile; fileRef = 23F8BC0A2485F6E10038D0FD /* beeper4.mp3 */; };
		23F8BC2D2485F6E20038D0FD /* beeper15.mp3 in Resources */ = {isa = PBXBuildFile; fileRef = 23F8BC0B2485F6E10038D0FD /* beeper15.mp3 */; };
		23F8BC2E2485F6E20038D0FD /* beeper15.mp3 in Resources */ = {isa = PBXBuildFile; fileRef = 23F8BC0B2485F6E10038D0FD /* beeper15.mp3 */; };
		23F8BC2F2485F6E20038D0FD /* beeper15.mp3 in Resources */ = {isa = PBXBuildFile; fileRef = 23F8BC0B2485F6E10038D0FD /* beeper15.mp3 */; };
		23F8BC302485F6E20038D0FD /* beeper11.mp3 in Resources */ = {isa = PBXBuildFile; fileRef = 23F8BC0C2485F6E10038D0FD /* beeper11.mp3 */; };
		23F8BC312485F6E20038D0FD /* beeper11.mp3 in Resources */ = {isa = PBXBuildFile; fileRef = 23F8BC0C2485F6E10038D0FD /* beeper11.mp3 */; };
		23F8BC322485F6E20038D0FD /* beeper11.mp3 in Resources */ = {isa = PBXBuildFile; fileRef = 23F8BC0C2485F6E10038D0FD /* beeper11.mp3 */; };
		23F8BC332485F6E20038D0FD /* beeper1.mp3 in Resources */ = {isa = PBXBuildFile; fileRef = 23F8BC0D2485F6E10038D0FD /* beeper1.mp3 */; };
		23F8BC342485F6E20038D0FD /* beeper1.mp3 in Resources */ = {isa = PBXBuildFile; fileRef = 23F8BC0D2485F6E10038D0FD /* beeper1.mp3 */; };
		23F8BC352485F6E20038D0FD /* beeper1.mp3 in Resources */ = {isa = PBXBuildFile; fileRef = 23F8BC0D2485F6E10038D0FD /* beeper1.mp3 */; };
		23F8BC362485F6E20038D0FD /* beeper9.mp3 in Resources */ = {isa = PBXBuildFile; fileRef = 23F8BC0E2485F6E10038D0FD /* beeper9.mp3 */; };
		23F8BC372485F6E20038D0FD /* beeper9.mp3 in Resources */ = {isa = PBXBuildFile; fileRef = 23F8BC0E2485F6E10038D0FD /* beeper9.mp3 */; };
		23F8BC382485F6E20038D0FD /* beeper9.mp3 in Resources */ = {isa = PBXBuildFile; fileRef = 23F8BC0E2485F6E10038D0FD /* beeper9.mp3 */; };
		23F8BC392485F6E20038D0FD /* beeper2.mp3 in Resources */ = {isa = PBXBuildFile; fileRef = 23F8BC0F2485F6E20038D0FD /* beeper2.mp3 */; };
		23F8BC3A2485F6E20038D0FD /* beeper2.mp3 in Resources */ = {isa = PBXBuildFile; fileRef = 23F8BC0F2485F6E20038D0FD /* beeper2.mp3 */; };
		23F8BC3B2485F6E20038D0FD /* beeper2.mp3 in Resources */ = {isa = PBXBuildFile; fileRef = 23F8BC0F2485F6E20038D0FD /* beeper2.mp3 */; };
		23F8BC3C2485F6E20038D0FD /* beeper10.mp3 in Resources */ = {isa = PBXBuildFile; fileRef = 23F8BC102485F6E20038D0FD /* beeper10.mp3 */; };
		23F8BC3D2485F6E20038D0FD /* beeper10.mp3 in Resources */ = {isa = PBXBuildFile; fileRef = 23F8BC102485F6E20038D0FD /* beeper10.mp3 */; };
		23F8BC3E2485F6E20038D0FD /* beeper10.mp3 in Resources */ = {isa = PBXBuildFile; fileRef = 23F8BC102485F6E20038D0FD /* beeper10.mp3 */; };
		23F8BC3F2485F6E20038D0FD /* beeper12.mp3 in Resources */ = {isa = PBXBuildFile; fileRef = 23F8BC112485F6E20038D0FD /* beeper12.mp3 */; };
		23F8BC402485F6E20038D0FD /* beeper12.mp3 in Resources */ = {isa = PBXBuildFile; fileRef = 23F8BC112485F6E20038D0FD /* beeper12.mp3 */; };
		23F8BC412485F6E20038D0FD /* beeper12.mp3 in Resources */ = {isa = PBXBuildFile; fileRef = 23F8BC112485F6E20038D0FD /* beeper12.mp3 */; };
		23F8BC432485FF9A0038D0FD /* going_circle.png in Resources */ = {isa = PBXBuildFile; fileRef = 23F8BC422485FF990038D0FD /* going_circle.png */; };
		23F8BC45248602190038D0FD /* WorkingInterfaceController.swift in Sources */ = {isa = PBXBuildFile; fileRef = 23F8BC44248602190038D0FD /* WorkingInterfaceController.swift */; };
		23F8BC4724864AE10038D0FD /* ResultInterfaceController.swift in Sources */ = {isa = PBXBuildFile; fileRef = 23F8BC4624864AE00038D0FD /* ResultInterfaceController.swift */; };
		23F8BC4A24867BD80038D0FD /* ResultTableCell.swift in Sources */ = {isa = PBXBuildFile; fileRef = 23F8BC4924867BD80038D0FD /* ResultTableCell.swift */; };
/* End PBXBuildFile section */

/* Begin PBXContainerItemProxy section */
		23F0A639248291AB0071F58A /* PBXContainerItemProxy */ = {
			isa = PBXContainerItemProxy;
			containerPortal = 23F0A62D248291AA0071F58A /* Project object */;
			proxyType = 1;
			remoteGlobalIDString = 23F0A636248291AB0071F58A;
			remoteInfo = "Beep WatchKit App";
		};
		23F0A648248291B10071F58A /* PBXContainerItemProxy */ = {
			isa = PBXContainerItemProxy;
			containerPortal = 23F0A62D248291AA0071F58A /* Project object */;
			proxyType = 1;
			remoteGlobalIDString = 23F0A645248291B10071F58A;
			remoteInfo = "Beep WatchKit Extension";
		};
/* End PBXContainerItemProxy section */

/* Begin PBXCopyFilesBuildPhase section */
		23F0A65A248291B40071F58A /* Embed App Extensions */ = {
			isa = PBXCopyFilesBuildPhase;
			buildActionMask = 2147483647;
			dstPath = "";
			dstSubfolderSpec = 13;
			files = (
				23F0A647248291B10071F58A /* Beep WatchKit Extension.appex in Embed App Extensions */,
			);
			name = "Embed App Extensions";
			runOnlyForDeploymentPostprocessing = 0;
		};
		23F0A65E248291B40071F58A /* Embed Watch Content */ = {
			isa = PBXCopyFilesBuildPhase;
			buildActionMask = 2147483647;
			dstPath = "$(CONTENTS_FOLDER_PATH)/Watch";
			dstSubfolderSpec = 16;
			files = (
				23F0A638248291AB0071F58A /* Beep WatchKit App.app in Embed Watch Content */,
			);
			name = "Embed Watch Content";
			runOnlyForDeploymentPostprocessing = 0;
		};
/* End PBXCopyFilesBuildPhase section */

/* Begin PBXFileReference section */
		2379F0B8248529F200B8092D /* Global.swift */ = {isa = PBXFileReference; lastKnownFileType = sourcecode.swift; path = Global.swift; sourceTree = "<group>"; };
		2379F0BA2485305300B8092D /* slider_minus.png */ = {isa = PBXFileReference; lastKnownFileType = image.png; path = slider_minus.png; sourceTree = "<group>"; };
		2379F0BC2485361D00B8092D /* ModalInterfaceController.swift */ = {isa = PBXFileReference; lastKnownFileType = sourcecode.swift; path = ModalInterfaceController.swift; sourceTree = "<group>"; };
		239B630B2491D722007F0916 /* Beep WatchKit Extension.entitlements */ = {isa = PBXFileReference; lastKnownFileType = text.plist.entitlements; path = "Beep WatchKit Extension.entitlements"; sourceTree = "<group>"; };
		23CE4C3B2487A23100C616C8 /* FAQInterfaceController.swift */ = {isa = PBXFileReference; lastKnownFileType = sourcecode.swift; path = FAQInterfaceController.swift; sourceTree = "<group>"; };
		23F0A633248291AA0071F58A /* Beep.app */ = {isa = PBXFileReference; explicitFileType = wrapper.application; includeInIndex = 0; path = Beep.app; sourceTree = BUILT_PRODUCTS_DIR; };
		23F0A637248291AB0071F58A /* Beep WatchKit App.app */ = {isa = PBXFileReference; explicitFileType = wrapper.application; includeInIndex = 0; path = "Beep WatchKit App.app"; sourceTree = BUILT_PRODUCTS_DIR; };
		23F0A63D248291AB0071F58A /* Base */ = {isa = PBXFileReference; lastKnownFileType = file.storyboard; name = Base; path = Base.lproj/Interface.storyboard; sourceTree = "<group>"; };
		23F0A63F248291B10071F58A /* Assets.xcassets */ = {isa = PBXFileReference; lastKnownFileType = folder.assetcatalog; path = Assets.xcassets; sourceTree = "<group>"; };
		23F0A641248291B10071F58A /* Info.plist */ = {isa = PBXFileReference; lastKnownFileType = text.plist.xml; path = Info.plist; sourceTree = "<group>"; };
		23F0A646248291B10071F58A /* Beep WatchKit Extension.appex */ = {isa = PBXFileReference; explicitFileType = "wrapper.app-extension"; includeInIndex = 0; path = "Beep WatchKit Extension.appex"; sourceTree = BUILT_PRODUCTS_DIR; };
		23F0A64B248291B10071F58A /* InterfaceController.swift */ = {isa = PBXFileReference; lastKnownFileType = sourcecode.swift; path = InterfaceController.swift; sourceTree = "<group>"; };
		23F0A64D248291B10071F58A /* ExtensionDelegate.swift */ = {isa = PBXFileReference; lastKnownFileType = sourcecode.swift; path = ExtensionDelegate.swift; sourceTree = "<group>"; };
		23F0A64F248291B10071F58A /* NotificationController.swift */ = {isa = PBXFileReference; lastKnownFileType = sourcecode.swift; path = NotificationController.swift; sourceTree = "<group>"; };
		23F0A651248291B30071F58A /* Assets.xcassets */ = {isa = PBXFileReference; lastKnownFileType = folder.assetcatalog; path = Assets.xcassets; sourceTree = "<group>"; };
		23F0A653248291B30071F58A /* Info.plist */ = {isa = PBXFileReference; lastKnownFileType = text.plist.xml; path = Info.plist; sourceTree = "<group>"; };
		23F0A654248291B40071F58A /* PushNotificationPayload.apns */ = {isa = PBXFileReference; lastKnownFileType = text; path = PushNotificationPayload.apns; sourceTree = "<group>"; };
		23F0A6652482928B0071F58A /* home.png */ = {isa = PBXFileReference; lastKnownFileType = image.png; path = home.png; sourceTree = "<group>"; };
		23F0A6662482928B0071F58A /* faq.png */ = {isa = PBXFileReference; lastKnownFileType = image.png; path = faq.png; sourceTree = "<group>"; };
		23F0A6692482C4330071F58A /* HomeInterfaceController.swift */ = {isa = PBXFileReference; lastKnownFileType = sourcecode.swift; path = HomeInterfaceController.swift; sourceTree = "<group>"; };
		23F0A66D2482CB4F0071F58A /* SettingInterfaceController.swift */ = {isa = PBXFileReference; lastKnownFileType = sourcecode.swift; path = SettingInterfaceController.swift; sourceTree = "<group>"; };
		23F0A66F2482CC810071F58A /* background.png */ = {isa = PBXFileReference; lastKnownFileType = image.png; path = background.png; sourceTree = "<group>"; };
		23F0A673248300680071F58A /* empty_circle_button.png */ = {isa = PBXFileReference; lastKnownFileType = image.png; path = empty_circle_button.png; sourceTree = "<group>"; };
		23F0A674248300680071F58A /* color_circle_button.png */ = {isa = PBXFileReference; lastKnownFileType = image.png; path = color_circle_button.png; sourceTree = "<group>"; };
		23F0A677248307370071F58A /* color_circle_view.png */ = {isa = PBXFileReference; lastKnownFileType = image.png; path = color_circle_view.png; sourceTree = "<group>"; };
		23F8BBFE2485F27E0038D0FD /* time_set_circle.png */ = {isa = PBXFileReference; lastKnownFileType = image.png; path = time_set_circle.png; sourceTree = "<group>"; };
		23F8BC022485F6E00038D0FD /* beeper13.mp3 */ = {isa = PBXFileReference; lastKnownFileType = audio.mp3; path = beeper13.mp3; sourceTree = "<group>"; };
		23F8BC032485F6E10038D0FD /* beeper14.mp3 */ = {isa = PBXFileReference; lastKnownFileType = audio.mp3; path = beeper14.mp3; sourceTree = "<group>"; };
		23F8BC042485F6E10038D0FD /* beeper8.mp3 */ = {isa = PBXFileReference; lastKnownFileType = audio.mp3; path = beeper8.mp3; sourceTree = "<group>"; };
		23F8BC052485F6E10038D0FD /* beeper7.mp3 */ = {isa = PBXFileReference; lastKnownFileType = audio.mp3; path = beeper7.mp3; sourceTree = "<group>"; };
		23F8BC062485F6E10038D0FD /* beeper6.mp3 */ = {isa = PBXFileReference; lastKnownFileType = audio.mp3; path = beeper6.mp3; sourceTree = "<group>"; };
		23F8BC072485F6E10038D0FD /* end_audio.mp3 */ = {isa = PBXFileReference; lastKnownFileType = audio.mp3; path = end_audio.mp3; sourceTree = "<group>"; };
		23F8BC082485F6E10038D0FD /* beeper3.mp3 */ = {isa = PBXFileReference; lastKnownFileType = audio.mp3; path = beeper3.mp3; sourceTree = "<group>"; };
		23F8BC092485F6E10038D0FD /* beeper5.mp3 */ = {isa = PBXFileReference; lastKnownFileType = audio.mp3; path = beeper5.mp3; sourceTree = "<group>"; };
		23F8BC0A2485F6E10038D0FD /* beeper4.mp3 */ = {isa = PBXFileReference; lastKnownFileType = audio.mp3; path = beeper4.mp3; sourceTree = "<group>"; };
		23F8BC0B2485F6E10038D0FD /* beeper15.mp3 */ = {isa = PBXFileReference; lastKnownFileType = audio.mp3; path = beeper15.mp3; sourceTree = "<group>"; };
		23F8BC0C2485F6E10038D0FD /* beeper11.mp3 */ = {isa = PBXFileReference; lastKnownFileType = audio.mp3; path = beeper11.mp3; sourceTree = "<group>"; };
		23F8BC0D2485F6E10038D0FD /* beeper1.mp3 */ = {isa = PBXFileReference; lastKnownFileType = audio.mp3; path = beeper1.mp3; sourceTree = "<group>"; };
		23F8BC0E2485F6E10038D0FD /* beeper9.mp3 */ = {isa = PBXFileReference; lastKnownFileType = audio.mp3; path = beeper9.mp3; sourceTree = "<group>"; };
		23F8BC0F2485F6E20038D0FD /* beeper2.mp3 */ = {isa = PBXFileReference; lastKnownFileType = audio.mp3; path = beeper2.mp3; sourceTree = "<group>"; };
		23F8BC102485F6E20038D0FD /* beeper10.mp3 */ = {isa = PBXFileReference; lastKnownFileType = audio.mp3; path = beeper10.mp3; sourceTree = "<group>"; };
		23F8BC112485F6E20038D0FD /* beeper12.mp3 */ = {isa = PBXFileReference; lastKnownFileType = audio.mp3; path = beeper12.mp3; sourceTree = "<group>"; };
		23F8BC422485FF990038D0FD /* going_circle.png */ = {isa = PBXFileReference; lastKnownFileType = image.png; path = going_circle.png; sourceTree = "<group>"; };
		23F8BC44248602190038D0FD /* WorkingInterfaceController.swift */ = {isa = PBXFileReference; lastKnownFileType = sourcecode.swift; path = WorkingInterfaceController.swift; sourceTree = "<group>"; };
		23F8BC4624864AE00038D0FD /* ResultInterfaceController.swift */ = {isa = PBXFileReference; lastKnownFileType = sourcecode.swift; path = ResultInterfaceController.swift; sourceTree = "<group>"; };
		23F8BC4924867BD80038D0FD /* ResultTableCell.swift */ = {isa = PBXFileReference; lastKnownFileType = sourcecode.swift; path = ResultTableCell.swift; sourceTree = "<group>"; };
/* End PBXFileReference section */

/* Begin PBXFrameworksBuildPhase section */
		23F0A643248291B10071F58A /* Frameworks */ = {
			isa = PBXFrameworksBuildPhase;
			buildActionMask = 2147483647;
			files = (
			);
			runOnlyForDeploymentPostprocessing = 0;
		};
/* End PBXFrameworksBuildPhase section */

/* Begin PBXGroup section */
		2379F0B7248529C900B8092D /* Global */ = {
			isa = PBXGroup;
			children = (
				2379F0B8248529F200B8092D /* Global.swift */,
			);
			path = Global;
			sourceTree = "<group>";
		};
		23F0A62C248291AA0071F58A = {
			isa = PBXGroup;
			children = (
				23F0A63B248291AB0071F58A /* Beep WatchKit App */,
				23F0A64A248291B10071F58A /* Beep WatchKit Extension */,
				23F0A634248291AA0071F58A /* Products */,
			);
			sourceTree = "<group>";
		};
		23F0A634248291AA0071F58A /* Products */ = {
			isa = PBXGroup;
			children = (
				23F0A633248291AA0071F58A /* Beep.app */,
				23F0A637248291AB0071F58A /* Beep WatchKit App.app */,
				23F0A646248291B10071F58A /* Beep WatchKit Extension.appex */,
			);
			name = Products;
			sourceTree = "<group>";
		};
		23F0A63B248291AB0071F58A /* Beep WatchKit App */ = {
			isa = PBXGroup;
			children = (
				23F8BC4824867BC10038D0FD /* cell */,
				2379F0B7248529C900B8092D /* Global */,
				23F0A663248292710071F58A /* assets */,
				23F0A662248292680071F58A /* controller */,
				23F0A63C248291AB0071F58A /* Interface.storyboard */,
				23F0A63F248291B10071F58A /* Assets.xcassets */,
				23F0A641248291B10071F58A /* Info.plist */,
			);
			path = "Beep WatchKit App";
			sourceTree = "<group>";
		};
		23F0A64A248291B10071F58A /* Beep WatchKit Extension */ = {
			isa = PBXGroup;
			children = (
				239B630B2491D722007F0916 /* Beep WatchKit Extension.entitlements */,
				23F0A64B248291B10071F58A /* InterfaceController.swift */,
				23F0A64D248291B10071F58A /* ExtensionDelegate.swift */,
				23F0A64F248291B10071F58A /* NotificationController.swift */,
				23F0A651248291B30071F58A /* Assets.xcassets */,
				23F0A653248291B30071F58A /* Info.plist */,
				23F0A654248291B40071F58A /* PushNotificationPayload.apns */,
			);
			path = "Beep WatchKit Extension";
			sourceTree = "<group>";
		};
		23F0A662248292680071F58A /* controller */ = {
			isa = PBXGroup;
			children = (
				23F0A6692482C4330071F58A /* HomeInterfaceController.swift */,
				23F0A66D2482CB4F0071F58A /* SettingInterfaceController.swift */,
				2379F0BC2485361D00B8092D /* ModalInterfaceController.swift */,
				23F8BC44248602190038D0FD /* WorkingInterfaceController.swift */,
				23F8BC4624864AE00038D0FD /* ResultInterfaceController.swift */,
				23CE4C3B2487A23100C616C8 /* FAQInterfaceController.swift */,
			);
			path = controller;
			sourceTree = "<group>";
		};
		23F0A663248292710071F58A /* assets */ = {
			isa = PBXGroup;
			children = (
				23F8BC012485F6CF0038D0FD /* sounds */,
				23F0A664248292770071F58A /* icons */,
			);
			path = assets;
			sourceTree = "<group>";
		};
		23F0A664248292770071F58A /* icons */ = {
			isa = PBXGroup;
			children = (
				23F8BC422485FF990038D0FD /* going_circle.png */,
				23F8BBFE2485F27E0038D0FD /* time_set_circle.png */,
				23F0A6662482928B0071F58A /* faq.png */,
				23F0A6652482928B0071F58A /* home.png */,
				23F0A66F2482CC810071F58A /* background.png */,
				23F0A674248300680071F58A /* color_circle_button.png */,
				23F0A673248300680071F58A /* empty_circle_button.png */,
				23F0A677248307370071F58A /* color_circle_view.png */,
				2379F0BA2485305300B8092D /* slider_minus.png */,
			);
			path = icons;
			sourceTree = "<group>";
		};
		23F8BC012485F6CF0038D0FD /* sounds */ = {
			isa = PBXGroup;
			children = (
				23F8BC0D2485F6E10038D0FD /* beeper1.mp3 */,
				23F8BC0F2485F6E20038D0FD /* beeper2.mp3 */,
				23F8BC082485F6E10038D0FD /* beeper3.mp3 */,
				23F8BC0A2485F6E10038D0FD /* beeper4.mp3 */,
				23F8BC092485F6E10038D0FD /* beeper5.mp3 */,
				23F8BC062485F6E10038D0FD /* beeper6.mp3 */,
				23F8BC052485F6E10038D0FD /* beeper7.mp3 */,
				23F8BC042485F6E10038D0FD /* beeper8.mp3 */,
				23F8BC0E2485F6E10038D0FD /* beeper9.mp3 */,
				23F8BC102485F6E20038D0FD /* beeper10.mp3 */,
				23F8BC0C2485F6E10038D0FD /* beeper11.mp3 */,
				23F8BC112485F6E20038D0FD /* beeper12.mp3 */,
				23F8BC022485F6E00038D0FD /* beeper13.mp3 */,
				23F8BC032485F6E10038D0FD /* beeper14.mp3 */,
				23F8BC0B2485F6E10038D0FD /* beeper15.mp3 */,
				23F8BC072485F6E10038D0FD /* end_audio.mp3 */,
			);
			path = sounds;
			sourceTree = "<group>";
		};
		23F8BC4824867BC10038D0FD /* cell */ = {
			isa = PBXGroup;
			children = (
				23F8BC4924867BD80038D0FD /* ResultTableCell.swift */,
			);
			path = cell;
			sourceTree = "<group>";
		};
/* End PBXGroup section */

/* Begin PBXNativeTarget section */
		23F0A632248291AA0071F58A /* Beep */ = {
			isa = PBXNativeTarget;
			buildConfigurationList = 23F0A65F248291B40071F58A /* Build configuration list for PBXNativeTarget "Beep" */;
			buildPhases = (
				23F0A631248291AA0071F58A /* Resources */,
				23F0A65E248291B40071F58A /* Embed Watch Content */,
			);
			buildRules = (
			);
			dependencies = (
				23F0A63A248291AB0071F58A /* PBXTargetDependency */,
			);
			name = Beep;
			productName = Beep;
			productReference = 23F0A633248291AA0071F58A /* Beep.app */;
			productType = "com.apple.product-type.application.watchapp2-container";
		};
		23F0A636248291AB0071F58A /* Beep WatchKit App */ = {
			isa = PBXNativeTarget;
			buildConfigurationList = 23F0A65B248291B40071F58A /* Build configuration list for PBXNativeTarget "Beep WatchKit App" */;
			buildPhases = (
				23F0A635248291AB0071F58A /* Resources */,
				23F0A65A248291B40071F58A /* Embed App Extensions */,
			);
			buildRules = (
			);
			dependencies = (
				23F0A649248291B10071F58A /* PBXTargetDependency */,
			);
			name = "Beep WatchKit App";
			productName = "Beep WatchKit App";
			productReference = 23F0A637248291AB0071F58A /* Beep WatchKit App.app */;
			productType = "com.apple.product-type.application.watchapp2";
		};
		23F0A645248291B10071F58A /* Beep WatchKit Extension */ = {
			isa = PBXNativeTarget;
			buildConfigurationList = 23F0A657248291B40071F58A /* Build configuration list for PBXNativeTarget "Beep WatchKit Extension" */;
			buildPhases = (
				23F0A642248291B10071F58A /* Sources */,
				23F0A643248291B10071F58A /* Frameworks */,
				23F0A644248291B10071F58A /* Resources */,
			);
			buildRules = (
			);
			dependencies = (
			);
			name = "Beep WatchKit Extension";
			productName = "Beep WatchKit Extension";
			productReference = 23F0A646248291B10071F58A /* Beep WatchKit Extension.appex */;
			productType = "com.apple.product-type.watchkit2-extension";
		};
/* End PBXNativeTarget section */

/* Begin PBXProject section */
		23F0A62D248291AA0071F58A /* Project object */ = {
			isa = PBXProject;
			attributes = {
				LastSwiftUpdateCheck = 1140;
				LastUpgradeCheck = 1140;
				ORGANIZATIONNAME = "Water Flower";
				TargetAttributes = {
					23F0A632248291AA0071F58A = {
						CreatedOnToolsVersion = 11.4.1;
					};
					23F0A636248291AB0071F58A = {
						CreatedOnToolsVersion = 11.4.1;
					};
					23F0A645248291B10071F58A = {
						CreatedOnToolsVersion = 11.4.1;
					};
				};
			};
			buildConfigurationList = 23F0A630248291AA0071F58A /* Build configuration list for PBXProject "Beep" */;
			compatibilityVersion = "Xcode 9.3";
			developmentRegion = en;
			hasScannedForEncodings = 0;
			knownRegions = (
				en,
				Base,
			);
			mainGroup = 23F0A62C248291AA0071F58A;
			productRefGroup = 23F0A634248291AA0071F58A /* Products */;
			projectDirPath = "";
			projectRoot = "";
			targets = (
				23F0A632248291AA0071F58A /* Beep */,
				23F0A636248291AB0071F58A /* Beep WatchKit App */,
				23F0A645248291B10071F58A /* Beep WatchKit Extension */,
			);
		};
/* End PBXProject section */

/* Begin PBXResourcesBuildPhase section */
		23F0A631248291AA0071F58A /* Resources */ = {
			isa = PBXResourcesBuildPhase;
			buildActionMask = 2147483647;
			files = (
				23F8BC3F2485F6E20038D0FD /* beeper12.mp3 in Resources */,
				23F8BC152485F6E20038D0FD /* beeper14.mp3 in Resources */,
				23F8BC2D2485F6E20038D0FD /* beeper15.mp3 in Resources */,
				23F8BC272485F6E20038D0FD /* beeper5.mp3 in Resources */,
				23F8BC362485F6E20038D0FD /* beeper9.mp3 in Resources */,
				23F8BC212485F6E20038D0FD /* end_audio.mp3 in Resources */,
				23F8BC122485F6E20038D0FD /* beeper13.mp3 in Resources */,
				23F8BC3C2485F6E20038D0FD /* beeper10.mp3 in Resources */,
				23F8BC332485F6E20038D0FD /* beeper1.mp3 in Resources */,
				23F8BC182485F6E20038D0FD /* beeper8.mp3 in Resources */,
				23F8BC392485F6E20038D0FD /* beeper2.mp3 in Resources */,
				23F8BC2A2485F6E20038D0FD /* beeper4.mp3 in Resources */,
				23F8BC302485F6E20038D0FD /* beeper11.mp3 in Resources */,
				23F8BC242485F6E20038D0FD /* beeper3.mp3 in Resources */,
				23F8BC1B2485F6E20038D0FD /* beeper7.mp3 in Resources */,
				23F8BC1E2485F6E20038D0FD /* beeper6.mp3 in Resources */,
			);
			runOnlyForDeploymentPostprocessing = 0;
		};
		23F0A635248291AB0071F58A /* Resources */ = {
			isa = PBXResourcesBuildPhase;
			buildActionMask = 2147483647;
			files = (
				23F0A640248291B10071F58A /* Assets.xcassets in Resources */,
				23F8BC3D2485F6E20038D0FD /* beeper10.mp3 in Resources */,
				2379F0BB2485305300B8092D /* slider_minus.png in Resources */,
				23F8BC252485F6E20038D0FD /* beeper3.mp3 in Resources */,
				23F0A6702482CC810071F58A /* background.png in Resources */,
				23F8BC222485F6E20038D0FD /* end_audio.mp3 in Resources */,
				23F8BC402485F6E20038D0FD /* beeper12.mp3 in Resources */,
				23F0A678248307380071F58A /* color_circle_view.png in Resources */,
				23F0A63E248291AB0071F58A /* Interface.storyboard in Resources */,
				23F8BC432485FF9A0038D0FD /* going_circle.png in Resources */,
				23F8BC342485F6E20038D0FD /* beeper1.mp3 in Resources */,
				23F8BC192485F6E20038D0FD /* beeper8.mp3 in Resources */,
				23F0A6682482928B0071F58A /* faq.png in Resources */,
				23F8BC162485F6E20038D0FD /* beeper14.mp3 in Resources */,
				23F0A676248300680071F58A /* color_circle_button.png in Resources */,
				23F8BC2E2485F6E20038D0FD /* beeper15.mp3 in Resources */,
				23F8BC282485F6E20038D0FD /* beeper5.mp3 in Resources */,
				23F8BC3A2485F6E20038D0FD /* beeper2.mp3 in Resources */,
				23F8BC1C2485F6E20038D0FD /* beeper7.mp3 in Resources */,
				23F0A6672482928B0071F58A /* home.png in Resources */,
				23F8BC372485F6E20038D0FD /* beeper9.mp3 in Resources */,
				23F8BC132485F6E20038D0FD /* beeper13.mp3 in Resources */,
				23F0A675248300680071F58A /* empty_circle_button.png in Resources */,
				23F8BBFF2485F27E0038D0FD /* time_set_circle.png in Resources */,
				23F8BC312485F6E20038D0FD /* beeper11.mp3 in Resources */,
				23F8BC2B2485F6E20038D0FD /* beeper4.mp3 in Resources */,
				23F8BC1F2485F6E20038D0FD /* beeper6.mp3 in Resources */,
			);
			runOnlyForDeploymentPostprocessing = 0;
		};
		23F0A644248291B10071F58A /* Resources */ = {
			isa = PBXResourcesBuildPhase;
			buildActionMask = 2147483647;
			files = (
				23F8BC1A2485F6E20038D0FD /* beeper8.mp3 in Resources */,
				23F8BC382485F6E20038D0FD /* beeper9.mp3 in Resources */,
				23F8BC232485F6E20038D0FD /* end_audio.mp3 in Resources */,
				23F8BC292485F6E20038D0FD /* beeper5.mp3 in Resources */,
				23F8BC322485F6E20038D0FD /* beeper11.mp3 in Resources */,
				23F8BC172485F6E20038D0FD /* beeper14.mp3 in Resources */,
				23F8BC412485F6E20038D0FD /* beeper12.mp3 in Resources */,
				23F8BC202485F6E20038D0FD /* beeper6.mp3 in Resources */,
				23F8BC352485F6E20038D0FD /* beeper1.mp3 in Resources */,
				23F8BC3B2485F6E20038D0FD /* beeper2.mp3 in Resources */,
				23F0A652248291B30071F58A /* Assets.xcassets in Resources */,
				23F8BC2C2485F6E20038D0FD /* beeper4.mp3 in Resources */,
				23F8BC1D2485F6E20038D0FD /* beeper7.mp3 in Resources */,
				23F8BC142485F6E20038D0FD /* beeper13.mp3 in Resources */,
				23F8BC2F2485F6E20038D0FD /* beeper15.mp3 in Resources */,
				23F8BC3E2485F6E20038D0FD /* beeper10.mp3 in Resources */,
				23F8BC262485F6E20038D0FD /* beeper3.mp3 in Resources */,
			);
			runOnlyForDeploymentPostprocessing = 0;
		};
/* End PBXResourcesBuildPhase section */

/* Begin PBXSourcesBuildPhase section */
		23F0A642248291B10071F58A /* Sources */ = {
			isa = PBXSourcesBuildPhase;
			buildActionMask = 2147483647;
			files = (
				23CE4C3C2487A23100C616C8 /* FAQInterfaceController.swift in Sources */,
				23F0A66E2482CB4F0071F58A /* SettingInterfaceController.swift in Sources */,
				23F8BC4A24867BD80038D0FD /* ResultTableCell.swift in Sources */,
				23F0A650248291B10071F58A /* NotificationController.swift in Sources */,
				23F8BC45248602190038D0FD /* WorkingInterfaceController.swift in Sources */,
				2379F0B9248529F200B8092D /* Global.swift in Sources */,
				23F0A64E248291B10071F58A /* ExtensionDelegate.swift in Sources */,
				23F0A66A2482C4330071F58A /* HomeInterfaceController.swift in Sources */,
				23F8BC4724864AE10038D0FD /* ResultInterfaceController.swift in Sources */,
				2379F0BD2485361D00B8092D /* ModalInterfaceController.swift in Sources */,
				23F0A64C248291B10071F58A /* InterfaceController.swift in Sources */,
			);
			runOnlyForDeploymentPostprocessing = 0;
		};
/* End PBXSourcesBuildPhase section */

/* Begin PBXTargetDependency section */
		23F0A63A248291AB0071F58A /* PBXTargetDependency */ = {
			isa = PBXTargetDependency;
			target = 23F0A636248291AB0071F58A /* Beep WatchKit App */;
			targetProxy = 23F0A639248291AB0071F58A /* PBXContainerItemProxy */;
		};
		23F0A649248291B10071F58A /* PBXTargetDependency */ = {
			isa = PBXTargetDependency;
			target = 23F0A645248291B10071F58A /* Beep WatchKit Extension */;
			targetProxy = 23F0A648248291B10071F58A /* PBXContainerItemProxy */;
		};
/* End PBXTargetDependency section */

/* Begin PBXVariantGroup section */
		23F0A63C248291AB0071F58A /* Interface.storyboard */ = {
			isa = PBXVariantGroup;
			children = (
				23F0A63D248291AB0071F58A /* Base */,
			);
			name = Interface.storyboard;
			sourceTree = "<group>";
		};
/* End PBXVariantGroup section */

/* Begin XCBuildConfiguration section */
		23F0A655248291B40071F58A /* Debug */ = {
			isa = XCBuildConfiguration;
			buildSettings = {
				ALWAYS_SEARCH_USER_PATHS = NO;
				CLANG_ANALYZER_NONNULL = YES;
				CLANG_ANALYZER_NUMBER_OBJECT_CONVERSION = YES_AGGRESSIVE;
				CLANG_CXX_LANGUAGE_STANDARD = "gnu++14";
				CLANG_CXX_LIBRARY = "libc++";
				CLANG_ENABLE_MODULES = YES;
				CLANG_ENABLE_OBJC_ARC = YES;
				CLANG_ENABLE_OBJC_WEAK = YES;
				CLANG_WARN_BLOCK_CAPTURE_AUTORELEASING = YES;
				CLANG_WARN_BOOL_CONVERSION = YES;
				CLANG_WARN_COMMA = YES;
				CLANG_WARN_CONSTANT_CONVERSION = YES;
				CLANG_WARN_DEPRECATED_OBJC_IMPLEMENTATIONS = YES;
				CLANG_WARN_DIRECT_OBJC_ISA_USAGE = YES_ERROR;
				CLANG_WARN_DOCUMENTATION_COMMENTS = YES;
				CLANG_WARN_EMPTY_BODY = YES;
				CLANG_WARN_ENUM_CONVERSION = YES;
				CLANG_WARN_INFINITE_RECURSION = YES;
				CLANG_WARN_INT_CONVERSION = YES;
				CLANG_WARN_NON_LITERAL_NULL_CONVERSION = YES;
				CLANG_WARN_OBJC_IMPLICIT_RETAIN_SELF = YES;
				CLANG_WARN_OBJC_LITERAL_CONVERSION = YES;
				CLANG_WARN_OBJC_ROOT_CLASS = YES_ERROR;
				CLANG_WARN_RANGE_LOOP_ANALYSIS = YES;
				CLANG_WARN_STRICT_PROTOTYPES = YES;
				CLANG_WARN_SUSPICIOUS_MOVE = YES;
				CLANG_WARN_UNGUARDED_AVAILABILITY = YES_AGGRESSIVE;
				CLANG_WARN_UNREACHABLE_CODE = YES;
				CLANG_WARN__DUPLICATE_METHOD_MATCH = YES;
				COPY_PHASE_STRIP = NO;
				DEBUG_INFORMATION_FORMAT = dwarf;
				ENABLE_STRICT_OBJC_MSGSEND = YES;
				ENABLE_TESTABILITY = YES;
				GCC_C_LANGUAGE_STANDARD = gnu11;
				GCC_DYNAMIC_NO_PIC = NO;
				GCC_NO_COMMON_BLOCKS = YES;
				GCC_OPTIMIZATION_LEVEL = 0;
				GCC_PREPROCESSOR_DEFINITIONS = (
					"DEBUG=1",
					"$(inherited)",
				);
				GCC_WARN_64_TO_32_BIT_CONVERSION = YES;
				GCC_WARN_ABOUT_RETURN_TYPE = YES_ERROR;
				GCC_WARN_UNDECLARED_SELECTOR = YES;
				GCC_WARN_UNINITIALIZED_AUTOS = YES_AGGRESSIVE;
				GCC_WARN_UNUSED_FUNCTION = YES;
				GCC_WARN_UNUSED_VARIABLE = YES;
				MTL_ENABLE_DEBUG_INFO = INCLUDE_SOURCE;
				MTL_FAST_MATH = YES;
				ONLY_ACTIVE_ARCH = YES;
				SDKROOT = iphoneos;
				SWIFT_ACTIVE_COMPILATION_CONDITIONS = DEBUG;
				SWIFT_OPTIMIZATION_LEVEL = "-Onone";
			};
			name = Debug;
		};
		23F0A656248291B40071F58A /* Release */ = {
			isa = XCBuildConfiguration;
			buildSettings = {
				ALWAYS_SEARCH_USER_PATHS = NO;
				CLANG_ANALYZER_NONNULL = YES;
				CLANG_ANALYZER_NUMBER_OBJECT_CONVERSION = YES_AGGRESSIVE;
				CLANG_CXX_LANGUAGE_STANDARD = "gnu++14";
				CLANG_CXX_LIBRARY = "libc++";
				CLANG_ENABLE_MODULES = YES;
				CLANG_ENABLE_OBJC_ARC = YES;
				CLANG_ENABLE_OBJC_WEAK = YES;
				CLANG_WARN_BLOCK_CAPTURE_AUTORELEASING = YES;
				CLANG_WARN_BOOL_CONVERSION = YES;
				CLANG_WARN_COMMA = YES;
				CLANG_WARN_CONSTANT_CONVERSION = YES;
				CLANG_WARN_DEPRECATED_OBJC_IMPLEMENTATIONS = YES;
				CLANG_WARN_DIRECT_OBJC_ISA_USAGE = YES_ERROR;
				CLANG_WARN_DOCUMENTATION_COMMENTS = YES;
				CLANG_WARN_EMPTY_BODY = YES;
				CLANG_WARN_ENUM_CONVERSION = YES;
				CLANG_WARN_INFINITE_RECURSION = YES;
				CLANG_WARN_INT_CONVERSION = YES;
				CLANG_WARN_NON_LITERAL_NULL_CONVERSION = YES;
				CLANG_WARN_OBJC_IMPLICIT_RETAIN_SELF = YES;
				CLANG_WARN_OBJC_LITERAL_CONVERSION = YES;
				CLANG_WARN_OBJC_ROOT_CLASS = YES_ERROR;
				CLANG_WARN_RANGE_LOOP_ANALYSIS = YES;
				CLANG_WARN_STRICT_PROTOTYPES = YES;
				CLANG_WARN_SUSPICIOUS_MOVE = YES;
				CLANG_WARN_UNGUARDED_AVAILABILITY = YES_AGGRESSIVE;
				CLANG_WARN_UNREACHABLE_CODE = YES;
				CLANG_WARN__DUPLICATE_METHOD_MATCH = YES;
				COPY_PHASE_STRIP = NO;
				DEBUG_INFORMATION_FORMAT = "dwarf-with-dsym";
				ENABLE_NS_ASSERTIONS = NO;
				ENABLE_STRICT_OBJC_MSGSEND = YES;
				GCC_C_LANGUAGE_STANDARD = gnu11;
				GCC_NO_COMMON_BLOCKS = YES;
				GCC_WARN_64_TO_32_BIT_CONVERSION = YES;
				GCC_WARN_ABOUT_RETURN_TYPE = YES_ERROR;
				GCC_WARN_UNDECLARED_SELECTOR = YES;
				GCC_WARN_UNINITIALIZED_AUTOS = YES_AGGRESSIVE;
				GCC_WARN_UNUSED_FUNCTION = YES;
				GCC_WARN_UNUSED_VARIABLE = YES;
				MTL_ENABLE_DEBUG_INFO = NO;
				MTL_FAST_MATH = YES;
				SDKROOT = iphoneos;
				SWIFT_COMPILATION_MODE = wholemodule;
				SWIFT_OPTIMIZATION_LEVEL = "-O";
				VALIDATE_PRODUCT = YES;
			};
			name = Release;
		};
		23F0A658248291B40071F58A /* Debug */ = {
			isa = XCBuildConfiguration;
			buildSettings = {
				ASSETCATALOG_COMPILER_COMPLICATION_NAME = Complication;
				CODE_SIGN_ENTITLEMENTS = "Beep WatchKit Extension/Beep WatchKit Extension.entitlements";
				CODE_SIGN_STYLE = Automatic;
				INFOPLIST_FILE = "Beep WatchKit Extension/Info.plist";
				LD_RUNPATH_SEARCH_PATHS = (
					"$(inherited)",
					"@executable_path/Frameworks",
					"@executable_path/../../Frameworks",
				);
				PRODUCT_BUNDLE_IDENTIFIER = waterflower.Beep.watchkitapp.watchkitextension;
				PRODUCT_NAME = "${TARGET_NAME}";
				SDKROOT = watchos;
				SKIP_INSTALL = YES;
				SWIFT_VERSION = 5.0;
				TARGETED_DEVICE_FAMILY = 4;
				WATCHOS_DEPLOYMENT_TARGET = 6.2;
			};
			name = Debug;
		};
		23F0A659248291B40071F58A /* Release */ = {
			isa = XCBuildConfiguration;
			buildSettings = {
				ASSETCATALOG_COMPILER_COMPLICATION_NAME = Complication;
				CODE_SIGN_ENTITLEMENTS = "Beep WatchKit Extension/Beep WatchKit Extension.entitlements";
				CODE_SIGN_STYLE = Automatic;
				INFOPLIST_FILE = "Beep WatchKit Extension/Info.plist";
				LD_RUNPATH_SEARCH_PATHS = (
					"$(inherited)",
					"@executable_path/Frameworks",
					"@executable_path/../../Frameworks",
				);
				PRODUCT_BUNDLE_IDENTIFIER = waterflower.Beep.watchkitapp.watchkitextension;
				PRODUCT_NAME = "${TARGET_NAME}";
				SDKROOT = watchos;
				SKIP_INSTALL = YES;
				SWIFT_VERSION = 5.0;
				TARGETED_DEVICE_FAMILY = 4;
				WATCHOS_DEPLOYMENT_TARGET = 6.2;
			};
			name = Release;
		};
		23F0A65C248291B40071F58A /* Debug */ = {
			isa = XCBuildConfiguration;
			buildSettings = {
				ALWAYS_EMBED_SWIFT_STANDARD_LIBRARIES = YES;
				ASSETCATALOG_COMPILER_APPICON_NAME = AppIcon;
				CODE_SIGN_INJECT_BASE_ENTITLEMENTS = YES;
				CODE_SIGN_STYLE = Automatic;
				IBSC_MODULE = Beep_WatchKit_Extension;
				INFOPLIST_FILE = "Beep WatchKit App/Info.plist";
				PRODUCT_BUNDLE_IDENTIFIER = waterflower.Beep.watchkitapp;
				PRODUCT_NAME = "$(TARGET_NAME)";
				SDKROOT = watchos;
				SKIP_INSTALL = YES;
				SWIFT_VERSION = 5.0;
				TARGETED_DEVICE_FAMILY = 4;
				WATCHOS_DEPLOYMENT_TARGET = 6.2;
			};
			name = Debug;
		};
		23F0A65D248291B40071F58A /* Release */ = {
			isa = XCBuildConfiguration;
			buildSettings = {
				ALWAYS_EMBED_SWIFT_STANDARD_LIBRARIES = YES;
				ASSETCATALOG_COMPILER_APPICON_NAME = AppIcon;
				CODE_SIGN_INJECT_BASE_ENTITLEMENTS = YES;
				CODE_SIGN_STYLE = Automatic;
				IBSC_MODULE = Beep_WatchKit_Extension;
				INFOPLIST_FILE = "Beep WatchKit App/Info.plist";
				PRODUCT_BUNDLE_IDENTIFIER = waterflower.Beep.watchkitapp;
				PRODUCT_NAME = "$(TARGET_NAME)";
				SDKROOT = watchos;
				SKIP_INSTALL = YES;
				SWIFT_VERSION = 5.0;
				TARGETED_DEVICE_FAMILY = 4;
				WATCHOS_DEPLOYMENT_TARGET = 6.2;
			};
			name = Release;
		};
		23F0A660248291B40071F58A /* Debug */ = {
			isa = XCBuildConfiguration;
			buildSettings = {
				CODE_SIGN_STYLE = Automatic;
				CURRENT_PROJECT_VERSION = 1;
				MARKETING_VERSION = 1.0;
				PRODUCT_BUNDLE_IDENTIFIER = waterflower.Beep;
				PRODUCT_NAME = "$(TARGET_NAME)";
				SWIFT_VERSION = 5.0;
			};
			name = Debug;
		};
		23F0A661248291B40071F58A /* Release */ = {
			isa = XCBuildConfiguration;
			buildSettings = {
				CODE_SIGN_STYLE = Automatic;
				CURRENT_PROJECT_VERSION = 1;
				MARKETING_VERSION = 1.0;
				PRODUCT_BUNDLE_IDENTIFIER = waterflower.Beep;
				PRODUCT_NAME = "$(TARGET_NAME)";
				SWIFT_VERSION = 5.0;
			};
			name = Release;
		};
/* End XCBuildConfiguration section */

/* Begin XCConfigurationList section */
		23F0A630248291AA0071F58A /* Build configuration list for PBXProject "Beep" */ = {
			isa = XCConfigurationList;
			buildConfigurations = (
				23F0A655248291B40071F58A /* Debug */,
				23F0A656248291B40071F58A /* Release */,
			);
			defaultConfigurationIsVisible = 0;
			defaultConfigurationName = Release;
		};
		23F0A657248291B40071F58A /* Build configuration list for PBXNativeTarget "Beep WatchKit Extension" */ = {
			isa = XCConfigurationList;
			buildConfigurations = (
				23F0A658248291B40071F58A /* Debug */,
				23F0A659248291B40071F58A /* Release */,
			);
			defaultConfigurationIsVisible = 0;
			defaultConfigurationName = Release;
		};
		23F0A65B248291B40071F58A /* Build configuration list for PBXNativeTarget "Beep WatchKit App" */ = {
			isa = XCConfigurationList;
			buildConfigurations = (
				23F0A65C248291B40071F58A /* Debug */,
				23F0A65D248291B40071F58A /* Release */,
			);
			defaultConfigurationIsVisible = 0;
			defaultConfigurationName = Release;
		};
		23F0A65F248291B40071F58A /* Build configuration list for PBXNativeTarget "Beep" */ = {
			isa = XCConfigurationList;
			buildConfigurations = (
				23F0A660248291B40071F58A /* Debug */,
				23F0A661248291B40071F58A /* Release */,
			);
			defaultConfigurationIsVisible = 0;
			defaultConfigurationName = Release;
		};
/* End XCConfigurationList section */
	};
	rootObject = 23F0A62D248291AA0071F58A /* Project object */;
}
